// !$*UTF8*$!
{
	archiveVersion = 1;
	classes = {
	};
	objectVersion = 50;
	objects = {

/* Begin PBXBuildFile section */
		2109D59822D485BA0037508B /* Assets.xcassets.xcassets in Resources */ = {isa = PBXBuildFile; fileRef = 2109D59722D485BA0037508B /* Assets.xcassets.xcassets */; };
		2109D59A22D4D57D0037508B /* StateDemonstrationView.swift in Sources */ = {isa = PBXBuildFile; fileRef = 2109D59922D4D57D0037508B /* StateDemonstrationView.swift */; };
		2109D59C22D4D59C0037508B /* BindableObjectDemonstrationView.swift in Sources */ = {isa = PBXBuildFile; fileRef = 2109D59B22D4D59C0037508B /* BindableObjectDemonstrationView.swift */; };
		2109D5A222D4D8750037508B /* ViewHierachyDemonstrationView.swift in Sources */ = {isa = PBXBuildFile; fileRef = 2109D5A122D4D8750037508B /* ViewHierachyDemonstrationView.swift */; };
		2109D5A422D506590037508B /* UnderConstructionView.swift in Sources */ = {isa = PBXBuildFile; fileRef = 2109D5A322D506590037508B /* UnderConstructionView.swift */; };
		2111A5C522D2F56A00E85D5E /* Color+AppColors.swift in Sources */ = {isa = PBXBuildFile; fileRef = 2111A5C422D2F56A00E85D5E /* Color+AppColors.swift */; };
		211C505A22CF1E4100A643A5 /* AppDelegate.swift in Sources */ = {isa = PBXBuildFile; fileRef = 211C505922CF1E4100A643A5 /* AppDelegate.swift */; };
		211C505C22CF1E4100A643A5 /* SceneDelegate.swift in Sources */ = {isa = PBXBuildFile; fileRef = 211C505B22CF1E4100A643A5 /* SceneDelegate.swift */; };
		211C505E22CF1E4100A643A5 /* ContentView.swift in Sources */ = {isa = PBXBuildFile; fileRef = 211C505D22CF1E4100A643A5 /* ContentView.swift */; };
		211C506322CF1E4300A643A5 /* Preview Assets.xcassets in Resources */ = {isa = PBXBuildFile; fileRef = 211C506222CF1E4300A643A5 /* Preview Assets.xcassets */; };
		211C506622CF1E4300A643A5 /* LaunchScreen.storyboard in Resources */ = {isa = PBXBuildFile; fileRef = 211C506422CF1E4300A643A5 /* LaunchScreen.storyboard */; };
		211C507122CF1E4300A643A5 /* SwiftUIDemoTests.swift in Sources */ = {isa = PBXBuildFile; fileRef = 211C507022CF1E4300A643A5 /* SwiftUIDemoTests.swift */; };
		2170E63D22D5E5FB00B6D567 /* RubikCubeView.swift in Sources */ = {isa = PBXBuildFile; fileRef = 2170E63C22D5E5FB00B6D567 /* RubikCubeView.swift */; };
		2170E63F22D5E64700B6D567 /* RubikCubeWithBordersView.swift in Sources */ = {isa = PBXBuildFile; fileRef = 2170E63E22D5E64700B6D567 /* RubikCubeWithBordersView.swift */; };
		2170E64122D5E8C300B6D567 /* TopicDetailCell.swift in Sources */ = {isa = PBXBuildFile; fileRef = 2170E64022D5E8C300B6D567 /* TopicDetailCell.swift */; };
		2170E64322D622B500B6D567 /* FancyCardView.swift in Sources */ = {isa = PBXBuildFile; fileRef = 2170E64222D622B400B6D567 /* FancyCardView.swift */; };
		21718C4822D64E2300D4899F /* IllustrationListView.swift in Sources */ = {isa = PBXBuildFile; fileRef = 21718C4722D64E2300D4899F /* IllustrationListView.swift */; };
		21798A1922D89103007639BA /* ForwardCompatibilityDemonstrationView.swift in Sources */ = {isa = PBXBuildFile; fileRef = 21798A1822D89103007639BA /* ForwardCompatibilityDemonstrationView.swift */; };
		21798A1C22D8F568007639BA /* MyUIKitViewRepresentable.swift in Sources */ = {isa = PBXBuildFile; fileRef = 21798A1B22D8F568007639BA /* MyUIKitViewRepresentable.swift */; };
		21847D1922D714FC00008A23 /* IllustrationCell.swift in Sources */ = {isa = PBXBuildFile; fileRef = 21847D1822D714FC00008A23 /* IllustrationCell.swift */; };
		21847D1B22D7157100008A23 /* Illustration.swift in Sources */ = {isa = PBXBuildFile; fileRef = 21847D1A22D7157100008A23 /* Illustration.swift */; };
		21847D1D22D715C000008A23 /* IllustrationView.swift in Sources */ = {isa = PBXBuildFile; fileRef = 21847D1C22D715C000008A23 /* IllustrationView.swift */; };
		21847D1F22D7167300008A23 /* IllustrationListDynamicLinkView.swift in Sources */ = {isa = PBXBuildFile; fileRef = 21847D1E22D7167300008A23 /* IllustrationListDynamicLinkView.swift */; };
		21847D2122D717BE00008A23 /* Topic.swift in Sources */ = {isa = PBXBuildFile; fileRef = 21847D2022D717BE00008A23 /* Topic.swift */; };
		21847D2422D724B000008A23 /* ChoseCardTitleView.swift in Sources */ = {isa = PBXBuildFile; fileRef = 21847D2322D724B000008A23 /* ChoseCardTitleView.swift */; };
		21847D2622D724E900008A23 /* ChoseCardBackgroundView.swift in Sources */ = {isa = PBXBuildFile; fileRef = 21847D2522D724E900008A23 /* ChoseCardBackgroundView.swift */; };
		21847D2822D7251A00008A23 /* ChoseCardTagView.swift in Sources */ = {isa = PBXBuildFile; fileRef = 21847D2722D7251A00008A23 /* ChoseCardTagView.swift */; };
		21847D2A22D7253100008A23 /* ChooseCardImageView.swift in Sources */ = {isa = PBXBuildFile; fileRef = 21847D2922D7253100008A23 /* ChooseCardImageView.swift */; };
		21847D2C22D7256E00008A23 /* CardReviewView.swift in Sources */ = {isa = PBXBuildFile; fileRef = 21847D2B22D7256E00008A23 /* CardReviewView.swift */; };
		21A7CC8D22D6F2A3009EDD5E /* BasicNavigationDemonstrationView.swift in Sources */ = {isa = PBXBuildFile; fileRef = 21A7CC8C22D6F2A3009EDD5E /* BasicNavigationDemonstrationView.swift */; };
		21F1225A22D2EF1D0004D8EE /* CardView.swift in Sources */ = {isa = PBXBuildFile; fileRef = 21F1225822D2EF1D0004D8EE /* CardView.swift */; };
		21F1225B22D2EF1D0004D8EE /* LandingView.swift in Sources */ = {isa = PBXBuildFile; fileRef = 21F1225922D2EF1D0004D8EE /* LandingView.swift */; };
/* End PBXBuildFile section */

/* Begin PBXContainerItemProxy section */
		211C506D22CF1E4300A643A5 /* PBXContainerItemProxy */ = {
			isa = PBXContainerItemProxy;
			containerPortal = 211C504E22CF1E4100A643A5 /* Project object */;
			proxyType = 1;
			remoteGlobalIDString = 211C505522CF1E4100A643A5;
			remoteInfo = SwiftUIDemo;
		};
/* End PBXContainerItemProxy section */

/* Begin PBXFileReference section */
		2109D59722D485BA0037508B /* Assets.xcassets.xcassets */ = {isa = PBXFileReference; lastKnownFileType = folder.assetcatalog; path = Assets.xcassets.xcassets; sourceTree = "<group>"; };
		2109D59922D4D57D0037508B /* StateDemonstrationView.swift */ = {isa = PBXFileReference; lastKnownFileType = sourcecode.swift; path = StateDemonstrationView.swift; sourceTree = "<group>"; };
		2109D59B22D4D59C0037508B /* BindableObjectDemonstrationView.swift */ = {isa = PBXFileReference; lastKnownFileType = sourcecode.swift; path = BindableObjectDemonstrationView.swift; sourceTree = "<group>"; };
		2109D5A122D4D8750037508B /* ViewHierachyDemonstrationView.swift */ = {isa = PBXFileReference; lastKnownFileType = sourcecode.swift; path = ViewHierachyDemonstrationView.swift; sourceTree = "<group>"; };
		2109D5A322D506590037508B /* UnderConstructionView.swift */ = {isa = PBXFileReference; lastKnownFileType = sourcecode.swift; path = UnderConstructionView.swift; sourceTree = "<group>"; };
		2111A5C422D2F56A00E85D5E /* Color+AppColors.swift */ = {isa = PBXFileReference; lastKnownFileType = sourcecode.swift; path = "Color+AppColors.swift"; sourceTree = "<group>"; };
		211C505622CF1E4100A643A5 /* SwiftUIDemo.app */ = {isa = PBXFileReference; explicitFileType = wrapper.application; includeInIndex = 0; path = SwiftUIDemo.app; sourceTree = BUILT_PRODUCTS_DIR; };
		211C505922CF1E4100A643A5 /* AppDelegate.swift */ = {isa = PBXFileReference; lastKnownFileType = sourcecode.swift; path = AppDelegate.swift; sourceTree = "<group>"; };
		211C505B22CF1E4100A643A5 /* SceneDelegate.swift */ = {isa = PBXFileReference; lastKnownFileType = sourcecode.swift; path = SceneDelegate.swift; sourceTree = "<group>"; };
		211C505D22CF1E4100A643A5 /* ContentView.swift */ = {isa = PBXFileReference; lastKnownFileType = sourcecode.swift; path = ContentView.swift; sourceTree = "<group>"; };
		211C506222CF1E4300A643A5 /* Preview Assets.xcassets */ = {isa = PBXFileReference; lastKnownFileType = folder.assetcatalog; path = "Preview Assets.xcassets"; sourceTree = "<group>"; };
		211C506522CF1E4300A643A5 /* Base */ = {isa = PBXFileReference; lastKnownFileType = file.storyboard; name = Base; path = Base.lproj/LaunchScreen.storyboard; sourceTree = "<group>"; };
		211C506722CF1E4300A643A5 /* Info.plist */ = {isa = PBXFileReference; lastKnownFileType = text.plist.xml; path = Info.plist; sourceTree = "<group>"; };
		211C506C22CF1E4300A643A5 /* SwiftUIDemoTests.xctest */ = {isa = PBXFileReference; explicitFileType = wrapper.cfbundle; includeInIndex = 0; path = SwiftUIDemoTests.xctest; sourceTree = BUILT_PRODUCTS_DIR; };
		211C507022CF1E4300A643A5 /* SwiftUIDemoTests.swift */ = {isa = PBXFileReference; lastKnownFileType = sourcecode.swift; path = SwiftUIDemoTests.swift; sourceTree = "<group>"; };
		211C507222CF1E4300A643A5 /* Info.plist */ = {isa = PBXFileReference; lastKnownFileType = text.plist.xml; path = Info.plist; sourceTree = "<group>"; };
		2170E63C22D5E5FB00B6D567 /* RubikCubeView.swift */ = {isa = PBXFileReference; lastKnownFileType = sourcecode.swift; path = RubikCubeView.swift; sourceTree = "<group>"; };
		2170E63E22D5E64700B6D567 /* RubikCubeWithBordersView.swift */ = {isa = PBXFileReference; lastKnownFileType = sourcecode.swift; path = RubikCubeWithBordersView.swift; sourceTree = "<group>"; };
		2170E64022D5E8C300B6D567 /* TopicDetailCell.swift */ = {isa = PBXFileReference; lastKnownFileType = sourcecode.swift; path = TopicDetailCell.swift; sourceTree = "<group>"; };
		2170E64222D622B400B6D567 /* FancyCardView.swift */ = {isa = PBXFileReference; lastKnownFileType = sourcecode.swift; path = FancyCardView.swift; sourceTree = "<group>"; };
		21718C4722D64E2300D4899F /* IllustrationListView.swift */ = {isa = PBXFileReference; lastKnownFileType = sourcecode.swift; path = IllustrationListView.swift; sourceTree = "<group>"; };
		21798A1822D89103007639BA /* ForwardCompatibilityDemonstrationView.swift */ = {isa = PBXFileReference; lastKnownFileType = sourcecode.swift; path = ForwardCompatibilityDemonstrationView.swift; sourceTree = "<group>"; };
		21798A1B22D8F568007639BA /* MyUIKitViewRepresentable.swift */ = {isa = PBXFileReference; lastKnownFileType = sourcecode.swift; path = MyUIKitViewRepresentable.swift; sourceTree = "<group>"; };
		21847D1822D714FC00008A23 /* IllustrationCell.swift */ = {isa = PBXFileReference; lastKnownFileType = sourcecode.swift; path = IllustrationCell.swift; sourceTree = "<group>"; };
		21847D1A22D7157100008A23 /* Illustration.swift */ = {isa = PBXFileReference; lastKnownFileType = sourcecode.swift; path = Illustration.swift; sourceTree = "<group>"; };
		21847D1C22D715C000008A23 /* IllustrationView.swift */ = {isa = PBXFileReference; lastKnownFileType = sourcecode.swift; path = IllustrationView.swift; sourceTree = "<group>"; };
		21847D1E22D7167300008A23 /* IllustrationListDynamicLinkView.swift */ = {isa = PBXFileReference; lastKnownFileType = sourcecode.swift; path = IllustrationListDynamicLinkView.swift; sourceTree = "<group>"; };
		21847D2022D717BE00008A23 /* Topic.swift */ = {isa = PBXFileReference; lastKnownFileType = sourcecode.swift; path = Topic.swift; sourceTree = "<group>"; };
		21847D2322D724B000008A23 /* ChoseCardTitleView.swift */ = {isa = PBXFileReference; lastKnownFileType = sourcecode.swift; path = ChoseCardTitleView.swift; sourceTree = "<group>"; };
		21847D2522D724E900008A23 /* ChoseCardBackgroundView.swift */ = {isa = PBXFileReference; lastKnownFileType = sourcecode.swift; path = ChoseCardBackgroundView.swift; sourceTree = "<group>"; };
		21847D2722D7251A00008A23 /* ChoseCardTagView.swift */ = {isa = PBXFileReference; lastKnownFileType = sourcecode.swift; path = ChoseCardTagView.swift; sourceTree = "<group>"; };
		21847D2922D7253100008A23 /* ChooseCardImageView.swift */ = {isa = PBXFileReference; lastKnownFileType = sourcecode.swift; path = ChooseCardImageView.swift; sourceTree = "<group>"; };
		21847D2B22D7256E00008A23 /* CardReviewView.swift */ = {isa = PBXFileReference; lastKnownFileType = sourcecode.swift; path = CardReviewView.swift; sourceTree = "<group>"; };
		21A7CC8C22D6F2A3009EDD5E /* BasicNavigationDemonstrationView.swift */ = {isa = PBXFileReference; lastKnownFileType = sourcecode.swift; path = BasicNavigationDemonstrationView.swift; sourceTree = "<group>"; };
		21F1225822D2EF1D0004D8EE /* CardView.swift */ = {isa = PBXFileReference; fileEncoding = 4; lastKnownFileType = sourcecode.swift; path = CardView.swift; sourceTree = "<group>"; };
		21F1225922D2EF1D0004D8EE /* LandingView.swift */ = {isa = PBXFileReference; fileEncoding = 4; lastKnownFileType = sourcecode.swift; path = LandingView.swift; sourceTree = "<group>"; };
/* End PBXFileReference section */

/* Begin PBXFrameworksBuildPhase section */
		211C505322CF1E4100A643A5 /* Frameworks */ = {
			isa = PBXFrameworksBuildPhase;
			buildActionMask = 2147483647;
			files = (
			);
			runOnlyForDeploymentPostprocessing = 0;
		};
		211C506922CF1E4300A643A5 /* Frameworks */ = {
			isa = PBXFrameworksBuildPhase;
			buildActionMask = 2147483647;
			files = (
			);
			runOnlyForDeploymentPostprocessing = 0;
		};
/* End PBXFrameworksBuildPhase section */

/* Begin PBXGroup section */
		2109D59D22D4D6D10037508B /* DesmonstrationViews */ = {
			isa = PBXGroup;
			children = (
				21798A1A22D8F486007639BA /* SwiftUIAndUIKitMixMatch */,
				21847D2222D7243100008A23 /* EnvironmentObjectDemonstration */,
				21718C4622D64DFF00D4899F /* NavigationDemonstration */,
				2109D59922D4D57D0037508B /* StateDemonstrationView.swift */,
				2109D59B22D4D59C0037508B /* BindableObjectDemonstrationView.swift */,
				2109D5A122D4D8750037508B /* ViewHierachyDemonstrationView.swift */,
				2109D5A322D506590037508B /* UnderConstructionView.swift */,
				2170E63C22D5E5FB00B6D567 /* RubikCubeView.swift */,
				2170E63E22D5E64700B6D567 /* RubikCubeWithBordersView.swift */,
				21A7CC8C22D6F2A3009EDD5E /* BasicNavigationDemonstrationView.swift */,
			);
			path = DesmonstrationViews;
			sourceTree = "<group>";
		};
		2111A5C322D2F54200E85D5E /* Extensions+Utils */ = {
			isa = PBXGroup;
			children = (
				2111A5C422D2F56A00E85D5E /* Color+AppColors.swift */,
			);
			path = "Extensions+Utils";
			sourceTree = "<group>";
		};
		211C504D22CF1E4100A643A5 = {
			isa = PBXGroup;
			children = (
				211C505822CF1E4100A643A5 /* SwiftUIDemo */,
				211C506F22CF1E4300A643A5 /* SwiftUIDemoTests */,
				211C505722CF1E4100A643A5 /* Products */,
			);
			sourceTree = "<group>";
		};
		211C505722CF1E4100A643A5 /* Products */ = {
			isa = PBXGroup;
			children = (
				211C505622CF1E4100A643A5 /* SwiftUIDemo.app */,
				211C506C22CF1E4300A643A5 /* SwiftUIDemoTests.xctest */,
			);
			name = Products;
			sourceTree = "<group>";
		};
		211C505822CF1E4100A643A5 /* SwiftUIDemo */ = {
			isa = PBXGroup;
			children = (
				2111A5C322D2F54200E85D5E /* Extensions+Utils */,
				21F1225722D2EF1D0004D8EE /* LandingView */,
				2109D59D22D4D6D10037508B /* DesmonstrationViews */,
				211C505922CF1E4100A643A5 /* AppDelegate.swift */,
				211C505B22CF1E4100A643A5 /* SceneDelegate.swift */,
				211C505D22CF1E4100A643A5 /* ContentView.swift */,
				211C506422CF1E4300A643A5 /* LaunchScreen.storyboard */,
				211C506722CF1E4300A643A5 /* Info.plist */,
				2109D59722D485BA0037508B /* Assets.xcassets.xcassets */,
				211C506122CF1E4300A643A5 /* Preview Content */,
			);
			path = SwiftUIDemo;
			sourceTree = "<group>";
		};
		211C506122CF1E4300A643A5 /* Preview Content */ = {
			isa = PBXGroup;
			children = (
				211C506222CF1E4300A643A5 /* Preview Assets.xcassets */,
			);
			path = "Preview Content";
			sourceTree = "<group>";
		};
		211C506F22CF1E4300A643A5 /* SwiftUIDemoTests */ = {
			isa = PBXGroup;
			children = (
				211C507022CF1E4300A643A5 /* SwiftUIDemoTests.swift */,
				211C507222CF1E4300A643A5 /* Info.plist */,
			);
			path = SwiftUIDemoTests;
			sourceTree = "<group>";
		};
		21718C4622D64DFF00D4899F /* NavigationDemonstration */ = {
			isa = PBXGroup;
			children = (
				21718C4722D64E2300D4899F /* IllustrationListView.swift */,
				21847D1822D714FC00008A23 /* IllustrationCell.swift */,
				21847D1A22D7157100008A23 /* Illustration.swift */,
				21847D1C22D715C000008A23 /* IllustrationView.swift */,
				21847D1E22D7167300008A23 /* IllustrationListDynamicLinkView.swift */,
			);
			path = NavigationDemonstration;
			sourceTree = "<group>";
		};
		21798A1A22D8F486007639BA /* SwiftUIAndUIKitMixMatch */ = {
			isa = PBXGroup;
			children = (
				21798A1822D89103007639BA /* ForwardCompatibilityDemonstrationView.swift */,
				21798A1B22D8F568007639BA /* MyUIKitViewRepresentable.swift */,
			);
			path = SwiftUIAndUIKitMixMatch;
			sourceTree = "<group>";
		};
		21847D2222D7243100008A23 /* EnvironmentObjectDemonstration */ = {
			isa = PBXGroup;
			children = (
				21847D2322D724B000008A23 /* ChoseCardTitleView.swift */,
				21847D2522D724E900008A23 /* ChoseCardBackgroundView.swift */,
				21847D2722D7251A00008A23 /* ChoseCardTagView.swift */,
				21847D2922D7253100008A23 /* ChooseCardImageView.swift */,
				21847D2B22D7256E00008A23 /* CardReviewView.swift */,
			);
			path = EnvironmentObjectDemonstration;
			sourceTree = "<group>";
		};
		21F1225722D2EF1D0004D8EE /* LandingView */ = {
			isa = PBXGroup;
			children = (
				21F1225822D2EF1D0004D8EE /* CardView.swift */,
				21F1225922D2EF1D0004D8EE /* LandingView.swift */,
				2170E64022D5E8C300B6D567 /* TopicDetailCell.swift */,
				2170E64222D622B400B6D567 /* FancyCardView.swift */,
				21847D2022D717BE00008A23 /* Topic.swift */,
			);
			path = LandingView;
			sourceTree = "<group>";
		};
/* End PBXGroup section */

/* Begin PBXNativeTarget section */
		211C505522CF1E4100A643A5 /* SwiftUIDemo */ = {
			isa = PBXNativeTarget;
			buildConfigurationList = 211C507522CF1E4300A643A5 /* Build configuration list for PBXNativeTarget "SwiftUIDemo" */;
			buildPhases = (
				211C505222CF1E4100A643A5 /* Sources */,
				211C505322CF1E4100A643A5 /* Frameworks */,
				211C505422CF1E4100A643A5 /* Resources */,
			);
			buildRules = (
			);
			dependencies = (
			);
			name = SwiftUIDemo;
			productName = SwiftUIDemo;
			productReference = 211C505622CF1E4100A643A5 /* SwiftUIDemo.app */;
			productType = "com.apple.product-type.application";
		};
		211C506B22CF1E4300A643A5 /* SwiftUIDemoTests */ = {
			isa = PBXNativeTarget;
			buildConfigurationList = 211C507822CF1E4300A643A5 /* Build configuration list for PBXNativeTarget "SwiftUIDemoTests" */;
			buildPhases = (
				211C506822CF1E4300A643A5 /* Sources */,
				211C506922CF1E4300A643A5 /* Frameworks */,
				211C506A22CF1E4300A643A5 /* Resources */,
			);
			buildRules = (
			);
			dependencies = (
				211C506E22CF1E4300A643A5 /* PBXTargetDependency */,
			);
			name = SwiftUIDemoTests;
			productName = SwiftUIDemoTests;
			productReference = 211C506C22CF1E4300A643A5 /* SwiftUIDemoTests.xctest */;
			productType = "com.apple.product-type.bundle.unit-test";
		};
/* End PBXNativeTarget section */

/* Begin PBXProject section */
		211C504E22CF1E4100A643A5 /* Project object */ = {
			isa = PBXProject;
			attributes = {
				LastSwiftUpdateCheck = 1100;
				LastUpgradeCheck = 1100;
				ORGANIZATIONNAME = "Hien Quang Tran";
				TargetAttributes = {
					211C505522CF1E4100A643A5 = {
						CreatedOnToolsVersion = 11.0;
					};
					211C506B22CF1E4300A643A5 = {
						CreatedOnToolsVersion = 11.0;
						TestTargetID = 211C505522CF1E4100A643A5;
					};
				};
			};
			buildConfigurationList = 211C505122CF1E4100A643A5 /* Build configuration list for PBXProject "SwiftUIDemo" */;
			compatibilityVersion = "Xcode 9.3";
			developmentRegion = en;
			hasScannedForEncodings = 0;
			knownRegions = (
				en,
				Base,
			);
			mainGroup = 211C504D22CF1E4100A643A5;
			productRefGroup = 211C505722CF1E4100A643A5 /* Products */;
			projectDirPath = "";
			projectRoot = "";
			targets = (
				211C505522CF1E4100A643A5 /* SwiftUIDemo */,
				211C506B22CF1E4300A643A5 /* SwiftUIDemoTests */,
			);
		};
/* End PBXProject section */

/* Begin PBXResourcesBuildPhase section */
		211C505422CF1E4100A643A5 /* Resources */ = {
			isa = PBXResourcesBuildPhase;
			buildActionMask = 2147483647;
			files = (
				211C506622CF1E4300A643A5 /* LaunchScreen.storyboard in Resources */,
				2109D59822D485BA0037508B /* Assets.xcassets.xcassets in Resources */,
				211C506322CF1E4300A643A5 /* Preview Assets.xcassets in Resources */,
			);
			runOnlyForDeploymentPostprocessing = 0;
		};
		211C506A22CF1E4300A643A5 /* Resources */ = {
			isa = PBXResourcesBuildPhase;
			buildActionMask = 2147483647;
			files = (
			);
			runOnlyForDeploymentPostprocessing = 0;
		};
/* End PBXResourcesBuildPhase section */

/* Begin PBXSourcesBuildPhase section */
		211C505222CF1E4100A643A5 /* Sources */ = {
			isa = PBXSourcesBuildPhase;
			buildActionMask = 2147483647;
			files = (
				21847D2622D724E900008A23 /* ChoseCardBackgroundView.swift in Sources */,
				21847D1F22D7167300008A23 /* IllustrationListDynamicLinkView.swift in Sources */,
				2109D5A222D4D8750037508B /* ViewHierachyDemonstrationView.swift in Sources */,
				2170E63F22D5E64700B6D567 /* RubikCubeWithBordersView.swift in Sources */,
				21847D2822D7251A00008A23 /* ChoseCardTagView.swift in Sources */,
				211C505A22CF1E4100A643A5 /* AppDelegate.swift in Sources */,
				21847D1D22D715C000008A23 /* IllustrationView.swift in Sources */,
				2109D59A22D4D57D0037508B /* StateDemonstrationView.swift in Sources */,
				21718C4822D64E2300D4899F /* IllustrationListView.swift in Sources */,
				21A7CC8D22D6F2A3009EDD5E /* BasicNavigationDemonstrationView.swift in Sources */,
				2170E64322D622B500B6D567 /* FancyCardView.swift in Sources */,
				2170E64122D5E8C300B6D567 /* TopicDetailCell.swift in Sources */,
				21847D1922D714FC00008A23 /* IllustrationCell.swift in Sources */,
				2109D59C22D4D59C0037508B /* BindableObjectDemonstrationView.swift in Sources */,
				2170E63D22D5E5FB00B6D567 /* RubikCubeView.swift in Sources */,
				21847D2122D717BE00008A23 /* Topic.swift in Sources */,
				2111A5C522D2F56A00E85D5E /* Color+AppColors.swift in Sources */,
				21847D2A22D7253100008A23 /* ChooseCardImageView.swift in Sources */,
				21F1225B22D2EF1D0004D8EE /* LandingView.swift in Sources */,
				21847D1B22D7157100008A23 /* Illustration.swift in Sources */,
				21798A1C22D8F568007639BA /* MyUIKitViewRepresentable.swift in Sources */,
				21847D2C22D7256E00008A23 /* CardReviewView.swift in Sources */,
				21847D2422D724B000008A23 /* ChoseCardTitleView.swift in Sources */,
				211C505C22CF1E4100A643A5 /* SceneDelegate.swift in Sources */,
				21F1225A22D2EF1D0004D8EE /* CardView.swift in Sources */,
				211C505E22CF1E4100A643A5 /* ContentView.swift in Sources */,
				2109D5A422D506590037508B /* UnderConstructionView.swift in Sources */,
				21798A1922D89103007639BA /* ForwardCompatibilityDemonstrationView.swift in Sources */,
			);
			runOnlyForDeploymentPostprocessing = 0;
		};
		211C506822CF1E4300A643A5 /* Sources */ = {
			isa = PBXSourcesBuildPhase;
			buildActionMask = 2147483647;
			files = (
				211C507122CF1E4300A643A5 /* SwiftUIDemoTests.swift in Sources */,
			);
			runOnlyForDeploymentPostprocessing = 0;
		};
/* End PBXSourcesBuildPhase section */

/* Begin PBXTargetDependency section */
		211C506E22CF1E4300A643A5 /* PBXTargetDependency */ = {
			isa = PBXTargetDependency;
			target = 211C505522CF1E4100A643A5 /* SwiftUIDemo */;
			targetProxy = 211C506D22CF1E4300A643A5 /* PBXContainerItemProxy */;
		};
/* End PBXTargetDependency section */

/* Begin PBXVariantGroup section */
		211C506422CF1E4300A643A5 /* LaunchScreen.storyboard */ = {
			isa = PBXVariantGroup;
			children = (
				211C506522CF1E4300A643A5 /* Base */,
			);
			name = LaunchScreen.storyboard;
			sourceTree = "<group>";
		};
/* End PBXVariantGroup section */

/* Begin XCBuildConfiguration section */
		211C507322CF1E4300A643A5 /* Debug */ = {
			isa = XCBuildConfiguration;
			buildSettings = {
				ALWAYS_SEARCH_USER_PATHS = NO;
				CLANG_ANALYZER_NONNULL = YES;
				CLANG_ANALYZER_NUMBER_OBJECT_CONVERSION = YES_AGGRESSIVE;
				CLANG_CXX_LANGUAGE_STANDARD = "gnu++14";
				CLANG_CXX_LIBRARY = "libc++";
				CLANG_ENABLE_MODULES = YES;
				CLANG_ENABLE_OBJC_ARC = YES;
				CLANG_ENABLE_OBJC_WEAK = YES;
				CLANG_WARN_BLOCK_CAPTURE_AUTORELEASING = YES;
				CLANG_WARN_BOOL_CONVERSION = YES;
				CLANG_WARN_COMMA = YES;
				CLANG_WARN_CONSTANT_CONVERSION = YES;
				CLANG_WARN_DEPRECATED_OBJC_IMPLEMENTATIONS = YES;
				CLANG_WARN_DIRECT_OBJC_ISA_USAGE = YES_ERROR;
				CLANG_WARN_DOCUMENTATION_COMMENTS = YES;
				CLANG_WARN_EMPTY_BODY = YES;
				CLANG_WARN_ENUM_CONVERSION = YES;
				CLANG_WARN_INFINITE_RECURSION = YES;
				CLANG_WARN_INT_CONVERSION = YES;
				CLANG_WARN_NON_LITERAL_NULL_CONVERSION = YES;
				CLANG_WARN_OBJC_IMPLICIT_RETAIN_SELF = YES;
				CLANG_WARN_OBJC_LITERAL_CONVERSION = YES;
				CLANG_WARN_OBJC_ROOT_CLASS = YES_ERROR;
				CLANG_WARN_RANGE_LOOP_ANALYSIS = YES;
				CLANG_WARN_STRICT_PROTOTYPES = YES;
				CLANG_WARN_SUSPICIOUS_MOVE = YES;
				CLANG_WARN_UNGUARDED_AVAILABILITY = YES_AGGRESSIVE;
				CLANG_WARN_UNREACHABLE_CODE = YES;
				CLANG_WARN__DUPLICATE_METHOD_MATCH = YES;
				COPY_PHASE_STRIP = NO;
				DEBUG_INFORMATION_FORMAT = dwarf;
				ENABLE_STRICT_OBJC_MSGSEND = YES;
				ENABLE_TESTABILITY = YES;
				GCC_C_LANGUAGE_STANDARD = gnu11;
				GCC_DYNAMIC_NO_PIC = NO;
				GCC_NO_COMMON_BLOCKS = YES;
				GCC_OPTIMIZATION_LEVEL = 0;
				GCC_PREPROCESSOR_DEFINITIONS = (
					"DEBUG=1",
					"$(inherited)",
				);
				GCC_WARN_64_TO_32_BIT_CONVERSION = YES;
				GCC_WARN_ABOUT_RETURN_TYPE = YES_ERROR;
				GCC_WARN_UNDECLARED_SELECTOR = YES;
				GCC_WARN_UNINITIALIZED_AUTOS = YES_AGGRESSIVE;
				GCC_WARN_UNUSED_FUNCTION = YES;
				GCC_WARN_UNUSED_VARIABLE = YES;
				IPHONEOS_DEPLOYMENT_TARGET = 13.0;
				MTL_ENABLE_DEBUG_INFO = INCLUDE_SOURCE;
				MTL_FAST_MATH = YES;
				ONLY_ACTIVE_ARCH = YES;
				SDKROOT = iphoneos;
				SWIFT_ACTIVE_COMPILATION_CONDITIONS = DEBUG;
				SWIFT_OPTIMIZATION_LEVEL = "-Onone";
			};
			name = Debug;
		};
		211C507422CF1E4300A643A5 /* Release */ = {
			isa = XCBuildConfiguration;
			buildSettings = {
				ALWAYS_SEARCH_USER_PATHS = NO;
				CLANG_ANALYZER_NONNULL = YES;
				CLANG_ANALYZER_NUMBER_OBJECT_CONVERSION = YES_AGGRESSIVE;
				CLANG_CXX_LANGUAGE_STANDARD = "gnu++14";
				CLANG_CXX_LIBRARY = "libc++";
				CLANG_ENABLE_MODULES = YES;
				CLANG_ENABLE_OBJC_ARC = YES;
				CLANG_ENABLE_OBJC_WEAK = YES;
				CLANG_WARN_BLOCK_CAPTURE_AUTORELEASING = YES;
				CLANG_WARN_BOOL_CONVERSION = YES;
				CLANG_WARN_COMMA = YES;
				CLANG_WARN_CONSTANT_CONVERSION = YES;
				CLANG_WARN_DEPRECATED_OBJC_IMPLEMENTATIONS = YES;
				CLANG_WARN_DIRECT_OBJC_ISA_USAGE = YES_ERROR;
				CLANG_WARN_DOCUMENTATION_COMMENTS = YES;
				CLANG_WARN_EMPTY_BODY = YES;
				CLANG_WARN_ENUM_CONVERSION = YES;
				CLANG_WARN_INFINITE_RECURSION = YES;
				CLANG_WARN_INT_CONVERSION = YES;
				CLANG_WARN_NON_LITERAL_NULL_CONVERSION = YES;
				CLANG_WARN_OBJC_IMPLICIT_RETAIN_SELF = YES;
				CLANG_WARN_OBJC_LITERAL_CONVERSION = YES;
				CLANG_WARN_OBJC_ROOT_CLASS = YES_ERROR;
				CLANG_WARN_RANGE_LOOP_ANALYSIS = YES;
				CLANG_WARN_STRICT_PROTOTYPES = YES;
				CLANG_WARN_SUSPICIOUS_MOVE = YES;
				CLANG_WARN_UNGUARDED_AVAILABILITY = YES_AGGRESSIVE;
				CLANG_WARN_UNREACHABLE_CODE = YES;
				CLANG_WARN__DUPLICATE_METHOD_MATCH = YES;
				COPY_PHASE_STRIP = NO;
				DEBUG_INFORMATION_FORMAT = "dwarf-with-dsym";
				ENABLE_NS_ASSERTIONS = NO;
				ENABLE_STRICT_OBJC_MSGSEND = YES;
				GCC_C_LANGUAGE_STANDARD = gnu11;
				GCC_NO_COMMON_BLOCKS = YES;
				GCC_WARN_64_TO_32_BIT_CONVERSION = YES;
				GCC_WARN_ABOUT_RETURN_TYPE = YES_ERROR;
				GCC_WARN_UNDECLARED_SELECTOR = YES;
				GCC_WARN_UNINITIALIZED_AUTOS = YES_AGGRESSIVE;
				GCC_WARN_UNUSED_FUNCTION = YES;
				GCC_WARN_UNUSED_VARIABLE = YES;
				IPHONEOS_DEPLOYMENT_TARGET = 13.0;
				MTL_ENABLE_DEBUG_INFO = NO;
				MTL_FAST_MATH = YES;
				SDKROOT = iphoneos;
				SWIFT_COMPILATION_MODE = wholemodule;
				SWIFT_OPTIMIZATION_LEVEL = "-O";
				VALIDATE_PRODUCT = YES;
			};
			name = Release;
		};
		211C507622CF1E4300A643A5 /* Debug */ = {
			isa = XCBuildConfiguration;
			buildSettings = {
				ASSETCATALOG_COMPILER_APPICON_NAME = AppIcon;
				CODE_SIGN_STYLE = Automatic;
				DEVELOPMENT_ASSET_PATHS = "SwiftUIDemo/Preview\\ Content";
				ENABLE_PREVIEWS = YES;
				INFOPLIST_FILE = SwiftUIDemo/Info.plist;
				LD_RUNPATH_SEARCH_PATHS = (
					"$(inherited)",
					"@executable_path/Frameworks",
				);
				PRODUCT_BUNDLE_IDENTIFIER = com.hientrq.SwiftUIDemo;
				PRODUCT_NAME = "$(TARGET_NAME)";
				SWIFT_VERSION = 5.0;
				TARGETED_DEVICE_FAMILY = "1,2";
			};
			name = Debug;
		};
		211C507722CF1E4300A643A5 /* Release */ = {
			isa = XCBuildConfiguration;
			buildSettings = {
				ASSETCATALOG_COMPILER_APPICON_NAME = AppIcon;
				CODE_SIGN_STYLE = Automatic;
				DEVELOPMENT_ASSET_PATHS = "SwiftUIDemo/Preview\\ Content";
				ENABLE_PREVIEWS = YES;
				INFOPLIST_FILE = SwiftUIDemo/Info.plist;
				LD_RUNPATH_SEARCH_PATHS = (
					"$(inherited)",
					"@executable_path/Frameworks",
				);
				PRODUCT_BUNDLE_IDENTIFIER = com.hientrq.SwiftUIDemo;
				PRODUCT_NAME = "$(TARGET_NAME)";
				SWIFT_VERSION = 5.0;
				TARGETED_DEVICE_FAMILY = "1,2";
			};
			name = Release;
		};
		211C507922CF1E4300A643A5 /* Debug */ = {
			isa = XCBuildConfiguration;
			buildSettings = {
				ALWAYS_EMBED_SWIFT_STANDARD_LIBRARIES = YES;
				BUNDLE_LOADER = "$(TEST_HOST)";
				CODE_SIGN_STYLE = Automatic;
				INFOPLIST_FILE = SwiftUIDemoTests/Info.plist;
				LD_RUNPATH_SEARCH_PATHS = (
					"$(inherited)",
					"@executable_path/Frameworks",
					"@loader_path/Frameworks",
				);
				PRODUCT_BUNDLE_IDENTIFIER = com.hientrq.SwiftUIDemoTests;
				PRODUCT_NAME = "$(TARGET_NAME)";
				SWIFT_VERSION = 5.0;
				TARGETED_DEVICE_FAMILY = "1,2";
				TEST_HOST = "$(BUILT_PRODUCTS_DIR)/SwiftUIDemo.app/SwiftUIDemo";
			};
			name = Debug;
		};
		211C507A22CF1E4300A643A5 /* Release */ = {
			isa = XCBuildConfiguration;
			buildSettings = {
				ALWAYS_EMBED_SWIFT_STANDARD_LIBRARIES = YES;
				BUNDLE_LOADER = "$(TEST_HOST)";
				CODE_SIGN_STYLE = Automatic;
				INFOPLIST_FILE = SwiftUIDemoTests/Info.plist;
				LD_RUNPATH_SEARCH_PATHS = (
					"$(inherited)",
					"@executable_path/Frameworks",
					"@loader_path/Frameworks",
				);
				PRODUCT_BUNDLE_IDENTIFIER = com.hientrq.SwiftUIDemoTests;
				PRODUCT_NAME = "$(TARGET_NAME)";
				SWIFT_VERSION = 5.0;
				TARGETED_DEVICE_FAMILY = "1,2";
				TEST_HOST = "$(BUILT_PRODUCTS_DIR)/SwiftUIDemo.app/SwiftUIDemo";
			};
			name = Release;
		};
/* End XCBuildConfiguration section */

/* Begin XCConfigurationList section */
		211C505122CF1E4100A643A5 /* Build configuration list for PBXProject "SwiftUIDemo" */ = {
			isa = XCConfigurationList;
			buildConfigurations = (
				211C507322CF1E4300A643A5 /* Debug */,
				211C507422CF1E4300A643A5 /* Release */,
			);
			defaultConfigurationIsVisible = 0;
			defaultConfigurationName = Release;
		};
		211C507522CF1E4300A643A5 /* Build configuration list for PBXNativeTarget "SwiftUIDemo" */ = {
			isa = XCConfigurationList;
			buildConfigurations = (
				211C507622CF1E4300A643A5 /* Debug */,
				211C507722CF1E4300A643A5 /* Release */,
			);
			defaultConfigurationIsVisible = 0;
			defaultConfigurationName = Release;
		};
		211C507822CF1E4300A643A5 /* Build configuration list for PBXNativeTarget "SwiftUIDemoTests" */ = {
			isa = XCConfigurationList;
			buildConfigurations = (
				211C507922CF1E4300A643A5 /* Debug */,
				211C507A22CF1E4300A643A5 /* Release */,
			);
			defaultConfigurationIsVisible = 0;
			defaultConfigurationName = Release;
		};
/* End XCConfigurationList section */
	};
	rootObject = 211C504E22CF1E4100A643A5 /* Project object */;
}
